
Microsoft Visual Studio Solution File, Format Version 12.00
# Visual Studio Version 17
VisualStudioVersion = 17.14.36414.22
MinimumVisualStudioVersion = 10.0.40219.1
Project("{2150E333-8FDC-42A3-9474-1A3956D46DE8}") = "Task0", "Task0", "{02EA681E-C7D8-13C7-8484-4AC65E1B71E8}"
EndProject
Project("{FAE04EC0-301F-11D3-BF4B-00C04F79EFBC}") = "Tyuiu.AtakishievRS.Sprint5.Task0.V11.Lib", "Tyuiu.AtakishievRS.Sprint5.Task0.V11.Lib\Tyuiu.AtakishievRS.Sprint5.Task0.V11.Lib.csproj", "{EEFBCC97-2E98-4B2B-9428-A012E87ACEDE}"
EndProject
Project("{FAE04EC0-301F-11D3-BF4B-00C04F79EFBC}") = "Tyuiu.AtakishievRS.Sprint5.Task0.V11.Test", "Tyuiu.AtakishievRS.Sprint5.Task0.V11.Test\Tyuiu.AtakishievRS.Sprint5.Task0.V11.Test.csproj", "{08B794C9-DABD-4D23-A2E0-CCCE1F1E7E77}"
EndProject
Project("{FAE04EC0-301F-11D3-BF4B-00C04F79EFBC}") = "Tyuiu.AtakishievRS.Sprint5.Task0.V11", "Tyuiu.AtakishievRS.Sprint5.Task0.V11\Tyuiu.AtakishievRS.Sprint5.Task0.V11.csproj", "{9205FD85-8AFD-432F-B509-A6277B41B869}"
EndProject
Project("{2150E333-8FDC-42A3-9474-1A3956D46DE8}") = "Task1", "Task1", "{29CF1C6E-AB0D-4FF2-9A61-1540D75BCC06}"
EndProject
Project("{FAE04EC0-301F-11D3-BF4B-00C04F79EFBC}") = "Tyuiu.AtakishievRS.Sprint5.Task1.V26.Lib", "Tyuiu.AtakishievRS.Sprint5.Task1.V26.Lib\Tyuiu.AtakishievRS.Sprint5.Task1.V26.Lib.csproj", "{FDEF058D-355E-46FF-B1B9-FC517D9517A4}"
EndProject
Project("{FAE04EC0-301F-11D3-BF4B-00C04F79EFBC}") = "Tyuiu.AtakishievRS.Sprint5.Task1.V26", "Tyuiu.AtakishievRS.Sprint5.Task1.V26\Tyuiu.AtakishievRS.Sprint5.Task1.V26.csproj", "{D7C4DD39-0393-49BB-AA04-0836384546B9}"
EndProject
Project("{FAE04EC0-301F-11D3-BF4B-00C04F79EFBC}") = "Tyuiu.AtakishievRS.Sprint5.Task1.V26.Test", "Tyuiu.AtakishievRS.Sprint5.Task1.V26.Test\Tyuiu.AtakishievRS.Sprint5.Task1.V26.Test.csproj", "{5442CD1C-9FF7-4B13-AD53-BBC2355C1761}"
EndProject
Project("{2150E333-8FDC-42A3-9474-1A3956D46DE8}") = "Task2", "Task2", "{8042E5AA-6E50-491A-A93E-E8081A2F558E}"
EndProject
Project("{FAE04EC0-301F-11D3-BF4B-00C04F79EFBC}") = "Tyuiu.AtakishievRS.Sprint5.Task2.V1.Lib", "Tyuiu.AtakishievRS.Sprint5.Task2.V1.Lib\Tyuiu.AtakishievRS.Sprint5.Task2.V1.Lib.csproj", "{656E95CE-FD9C-45FC-BFAC-FB0C28D84F09}"
EndProject
Project("{FAE04EC0-301F-11D3-BF4B-00C04F79EFBC}") = "Tyuiu.AtakishievRS.Sprint5.Task2.V1", "Tyuiu.AtakishievRS.Sprint5.Task2.V1\Tyuiu.AtakishievRS.Sprint5.Task2.V1.csproj", "{86750FAC-9792-4125-AE9A-C8EAA5B6ABE0}"
EndProject
Project("{FAE04EC0-301F-11D3-BF4B-00C04F79EFBC}") = "Tyuiu.AtakishievRS.Sprint5.Task2.V1.Test", "Tyuiu.AtakishievRS.Sprint5.Task2.V1.Test\Tyuiu.AtakishievRS.Sprint5.Task2.V1.Test.csproj", "{F2850753-8981-4FCA-BA6D-6076C683FEF2}"
EndProject
Project("{2150E333-8FDC-42A3-9474-1A3956D46DE8}") = "Task3", "Task3", "{A31EBA63-6771-4564-AC44-686242092374}"
EndProject
Project("{FAE04EC0-301F-11D3-BF4B-00C04F79EFBC}") = "Tyuiu.AtakishievRS.Sprint5.Task3.V8.Lib", "Tyuiu.AtakishievRS.Sprint5.Task3.V8.Lib\Tyuiu.AtakishievRS.Sprint5.Task3.V8.Lib.csproj", "{4E215747-DFAE-4C8F-9E22-813D4BB77C47}"
EndProject
Project("{FAE04EC0-301F-11D3-BF4B-00C04F79EFBC}") = "Tyuiu.AtakishievRS.Sprint5.Task3.V8", "Tyuiu.AtakishievRS.Sprint5.Task3.V8\Tyuiu.AtakishievRS.Sprint5.Task3.V8.csproj", "{CABF7F7F-46FD-45F9-B8CE-FF048BAFEF53}"
EndProject
Project("{FAE04EC0-301F-11D3-BF4B-00C04F79EFBC}") = "Tyuiu.AtakishievRS.Sprint5.Task3.V8.Test", "Tyuiu.AtakishievRS.Sprint5.Task3.V8.Test\Tyuiu.AtakishievRS.Sprint5.Task3.V8.Test.csproj", "{DA54B122-463E-428F-A96E-A863BD9E8ACC}"
EndProject
Project("{2150E333-8FDC-42A3-9474-1A3956D46DE8}") = "Task4", "Task4", "{BAE209C2-A2F9-450F-8135-0C9F5429B95B}"
EndProject
Project("{FAE04EC0-301F-11D3-BF4B-00C04F79EFBC}") = "Tyuiu.AtakishievRS.Sprint5.Task4.V12.Lib", "Tyuiu.AtakishievRS.Sprint5.Task4.V12.Lib\Tyuiu.AtakishievRS.Sprint5.Task4.V12.Lib.csproj", "{04BBFAF5-CBA8-4DF8-9B0E-DD3F71D81D29}"
EndProject
Project("{FAE04EC0-301F-11D3-BF4B-00C04F79EFBC}") = "Tyuiu.AtakishievRS.Sprint5.Task4.V12", "Tyuiu.AtakishievRS.Sprint5.Task4.V12\Tyuiu.AtakishievRS.Sprint5.Task4.V12.csproj", "{7109A776-4BF4-4F62-AA59-88446D52A1F4}"
EndProject
Project("{FAE04EC0-301F-11D3-BF4B-00C04F79EFBC}") = "Tyuiu.AtakishievRS.Sprint5.Task4.V12.Test", "Tyuiu.AtakishievRS.Sprint5.Task4.V12.Test\Tyuiu.AtakishievRS.Sprint5.Task4.V12.Test.csproj", "{D450212A-5C78-40CD-9F28-961BA965C462}"
EndProject
Global
	GlobalSection(SolutionConfigurationPlatforms) = preSolution
		Debug|Any CPU = Debug|Any CPU
		Release|Any CPU = Release|Any CPU
	EndGlobalSection
	GlobalSection(ProjectConfigurationPlatforms) = postSolution
		{EEFBCC97-2E98-4B2B-9428-A012E87ACEDE}.Debug|Any CPU.ActiveCfg = Debug|Any CPU
		{EEFBCC97-2E98-4B2B-9428-A012E87ACEDE}.Debug|Any CPU.Build.0 = Debug|Any CPU
		{EEFBCC97-2E98-4B2B-9428-A012E87ACEDE}.Release|Any CPU.ActiveCfg = Release|Any CPU
		{EEFBCC97-2E98-4B2B-9428-A012E87ACEDE}.Release|Any CPU.Build.0 = Release|Any CPU
		{08B794C9-DABD-4D23-A2E0-CCCE1F1E7E77}.Debug|Any CPU.ActiveCfg = Debug|Any CPU
		{08B794C9-DABD-4D23-A2E0-CCCE1F1E7E77}.Debug|Any CPU.Build.0 = Debug|Any CPU
		{08B794C9-DABD-4D23-A2E0-CCCE1F1E7E77}.Release|Any CPU.ActiveCfg = Release|Any CPU
		{08B794C9-DABD-4D23-A2E0-CCCE1F1E7E77}.Release|Any CPU.Build.0 = Release|Any CPU
		{9205FD85-8AFD-432F-B509-A6277B41B869}.Debug|Any CPU.ActiveCfg = Debug|Any CPU
		{9205FD85-8AFD-432F-B509-A6277B41B869}.Debug|Any CPU.Build.0 = Debug|Any CPU
		{9205FD85-8AFD-432F-B509-A6277B41B869}.Release|Any CPU.ActiveCfg = Release|Any CPU
		{9205FD85-8AFD-432F-B509-A6277B41B869}.Release|Any CPU.Build.0 = Release|Any CPU
		{FDEF058D-355E-46FF-B1B9-FC517D9517A4}.Debug|Any CPU.ActiveCfg = Debug|Any CPU
		{FDEF058D-355E-46FF-B1B9-FC517D9517A4}.Debug|Any CPU.Build.0 = Debug|Any CPU
		{FDEF058D-355E-46FF-B1B9-FC517D9517A4}.Release|Any CPU.ActiveCfg = Release|Any CPU
		{FDEF058D-355E-46FF-B1B9-FC517D9517A4}.Release|Any CPU.Build.0 = Release|Any CPU
		{D7C4DD39-0393-49BB-AA04-0836384546B9}.Debug|Any CPU.ActiveCfg = Debug|Any CPU
		{D7C4DD39-0393-49BB-AA04-0836384546B9}.Debug|Any CPU.Build.0 = Debug|Any CPU
		{D7C4DD39-0393-49BB-AA04-0836384546B9}.Release|Any CPU.ActiveCfg = Release|Any CPU
		{D7C4DD39-0393-49BB-AA04-0836384546B9}.Release|Any CPU.Build.0 = Release|Any CPU
		{5442CD1C-9FF7-4B13-AD53-BBC2355C1761}.Debug|Any CPU.ActiveCfg = Debug|Any CPU
		{5442CD1C-9FF7-4B13-AD53-BBC2355C1761}.Debug|Any CPU.Build.0 = Debug|Any CPU
		{5442CD1C-9FF7-4B13-AD53-BBC2355C1761}.Release|Any CPU.ActiveCfg = Release|Any CPU
		{5442CD1C-9FF7-4B13-AD53-BBC2355C1761}.Release|Any CPU.Build.0 = Release|Any CPU
		{656E95CE-FD9C-45FC-BFAC-FB0C28D84F09}.Debug|Any CPU.ActiveCfg = Debug|Any CPU
		{656E95CE-FD9C-45FC-BFAC-FB0C28D84F09}.Debug|Any CPU.Build.0 = Debug|Any CPU
		{656E95CE-FD9C-45FC-BFAC-FB0C28D84F09}.Release|Any CPU.ActiveCfg = Release|Any CPU
		{656E95CE-FD9C-45FC-BFAC-FB0C28D84F09}.Release|Any CPU.Build.0 = Release|Any CPU
		{86750FAC-9792-4125-AE9A-C8EAA5B6ABE0}.Debug|Any CPU.ActiveCfg = Debug|Any CPU
		{86750FAC-9792-4125-AE9A-C8EAA5B6ABE0}.Debug|Any CPU.Build.0 = Debug|Any CPU
		{86750FAC-9792-4125-AE9A-C8EAA5B6ABE0}.Release|Any CPU.ActiveCfg = Release|Any CPU
		{86750FAC-9792-4125-AE9A-C8EAA5B6ABE0}.Release|Any CPU.Build.0 = Release|Any CPU
		{F2850753-8981-4FCA-BA6D-6076C683FEF2}.Debug|Any CPU.ActiveCfg = Debug|Any CPU
		{F2850753-8981-4FCA-BA6D-6076C683FEF2}.Debug|Any CPU.Build.0 = Debug|Any CPU
		{F2850753-8981-4FCA-BA6D-6076C683FEF2}.Release|Any CPU.ActiveCfg = Release|Any CPU
		{F2850753-8981-4FCA-BA6D-6076C683FEF2}.Release|Any CPU.Build.0 = Release|Any CPU
		{4E215747-DFAE-4C8F-9E22-813D4BB77C47}.Debug|Any CPU.ActiveCfg = Debug|Any CPU
		{4E215747-DFAE-4C8F-9E22-813D4BB77C47}.Debug|Any CPU.Build.0 = Debug|Any CPU
		{4E215747-DFAE-4C8F-9E22-813D4BB77C47}.Release|Any CPU.ActiveCfg = Release|Any CPU
		{4E215747-DFAE-4C8F-9E22-813D4BB77C47}.Release|Any CPU.Build.0 = Release|Any CPU
		{CABF7F7F-46FD-45F9-B8CE-FF048BAFEF53}.Debug|Any CPU.ActiveCfg = Debug|Any CPU
		{CABF7F7F-46FD-45F9-B8CE-FF048BAFEF53}.Debug|Any CPU.Build.0 = Debug|Any CPU
		{CABF7F7F-46FD-45F9-B8CE-FF048BAFEF53}.Release|Any CPU.ActiveCfg = Release|Any CPU
		{CABF7F7F-46FD-45F9-B8CE-FF048BAFEF53}.Release|Any CPU.Build.0 = Release|Any CPU
		{DA54B122-463E-428F-A96E-A863BD9E8ACC}.Debug|Any CPU.ActiveCfg = Debug|Any CPU
		{DA54B122-463E-428F-A96E-A863BD9E8ACC}.Debug|Any CPU.Build.0 = Debug|Any CPU
		{DA54B122-463E-428F-A96E-A863BD9E8ACC}.Release|Any CPU.ActiveCfg = Release|Any CPU
		{DA54B122-463E-428F-A96E-A863BD9E8ACC}.Release|Any CPU.Build.0 = Release|Any CPU
		{04BBFAF5-CBA8-4DF8-9B0E-DD3F71D81D29}.Debug|Any CPU.ActiveCfg = Debug|Any CPU
		{04BBFAF5-CBA8-4DF8-9B0E-DD3F71D81D29}.Debug|Any CPU.Build.0 = Debug|Any CPU
		{04BBFAF5-CBA8-4DF8-9B0E-DD3F71D81D29}.Release|Any CPU.ActiveCfg = Release|Any CPU
		{04BBFAF5-CBA8-4DF8-9B0E-DD3F71D81D29}.Release|Any CPU.Build.0 = Release|Any CPU
		{7109A776-4BF4-4F62-AA59-88446D52A1F4}.Debug|Any CPU.ActiveCfg = Debug|Any CPU
		{7109A776-4BF4-4F62-AA59-88446D52A1F4}.Debug|Any CPU.Build.0 = Debug|Any CPU
		{7109A776-4BF4-4F62-AA59-88446D52A1F4}.Release|Any CPU.ActiveCfg = Release|Any CPU
		{7109A776-4BF4-4F62-AA59-88446D52A1F4}.Release|Any CPU.Build.0 = Release|Any CPU
		{D450212A-5C78-40CD-9F28-961BA965C462}.Debug|Any CPU.ActiveCfg = Debug|Any CPU
		{D450212A-5C78-40CD-9F28-961BA965C462}.Debug|Any CPU.Build.0 = Debug|Any CPU
		{D450212A-5C78-40CD-9F28-961BA965C462}.Release|Any CPU.ActiveCfg = Release|Any CPU
		{D450212A-5C78-40CD-9F28-961BA965C462}.Release|Any CPU.Build.0 = Release|Any CPU
	EndGlobalSection
	GlobalSection(SolutionProperties) = preSolution
		HideSolutionNode = FALSE
	EndGlobalSection
	GlobalSection(NestedProjects) = preSolution
		{EEFBCC97-2E98-4B2B-9428-A012E87ACEDE} = {02EA681E-C7D8-13C7-8484-4AC65E1B71E8}
		{08B794C9-DABD-4D23-A2E0-CCCE1F1E7E77} = {02EA681E-C7D8-13C7-8484-4AC65E1B71E8}
		{9205FD85-8AFD-432F-B509-A6277B41B869} = {02EA681E-C7D8-13C7-8484-4AC65E1B71E8}
		{FDEF058D-355E-46FF-B1B9-FC517D9517A4} = {29CF1C6E-AB0D-4FF2-9A61-1540D75BCC06}
		{D7C4DD39-0393-49BB-AA04-0836384546B9} = {29CF1C6E-AB0D-4FF2-9A61-1540D75BCC06}
		{5442CD1C-9FF7-4B13-AD53-BBC2355C1761} = {29CF1C6E-AB0D-4FF2-9A61-1540D75BCC06}
		{656E95CE-FD9C-45FC-BFAC-FB0C28D84F09} = {8042E5AA-6E50-491A-A93E-E8081A2F558E}
		{86750FAC-9792-4125-AE9A-C8EAA5B6ABE0} = {8042E5AA-6E50-491A-A93E-E8081A2F558E}
		{F2850753-8981-4FCA-BA6D-6076C683FEF2} = {8042E5AA-6E50-491A-A93E-E8081A2F558E}
		{4E215747-DFAE-4C8F-9E22-813D4BB77C47} = {A31EBA63-6771-4564-AC44-686242092374}
		{CABF7F7F-46FD-45F9-B8CE-FF048BAFEF53} = {A31EBA63-6771-4564-AC44-686242092374}
		{DA54B122-463E-428F-A96E-A863BD9E8ACC} = {A31EBA63-6771-4564-AC44-686242092374}
		{04BBFAF5-CBA8-4DF8-9B0E-DD3F71D81D29} = {BAE209C2-A2F9-450F-8135-0C9F5429B95B}
		{7109A776-4BF4-4F62-AA59-88446D52A1F4} = {BAE209C2-A2F9-450F-8135-0C9F5429B95B}
		{D450212A-5C78-40CD-9F28-961BA965C462} = {BAE209C2-A2F9-450F-8135-0C9F5429B95B}
	EndGlobalSection
	GlobalSection(ExtensibilityGlobals) = postSolution
		SolutionGuid = {592D6436-C9E9-4F74-A0D9-E2FB75FA9147}
	EndGlobalSection
EndGlobal
